// !$*UTF8*$!
{
	archiveVersion = 1;
	classes = {
	};
	objectVersion = 56;
	objects = {

/* Begin PBXBuildFile section */
		F3EAE2B32933D69B00F8FCF9 /* SQLiteApp.swift in Sources */ = {isa = PBXBuildFile; fileRef = F3EAE2B22933D69B00F8FCF9 /* SQLiteApp.swift */; };
		F3EAE2B52933D69B00F8FCF9 /* ContentView.swift in Sources */ = {isa = PBXBuildFile; fileRef = F3EAE2B42933D69B00F8FCF9 /* ContentView.swift */; };
		F3EAE2B72933D69C00F8FCF9 /* Assets.xcassets in Resources */ = {isa = PBXBuildFile; fileRef = F3EAE2B62933D69C00F8FCF9 /* Assets.xcassets */; };
		F3EAE2BA2933D69C00F8FCF9 /* Preview Assets.xcassets in Resources */ = {isa = PBXBuildFile; fileRef = F3EAE2B92933D69C00F8FCF9 /* Preview Assets.xcassets */; };
		F3EAE2C42933D69C00F8FCF9 /* SQLiteTests.swift in Sources */ = {isa = PBXBuildFile; fileRef = F3EAE2C32933D69C00F8FCF9 /* SQLiteTests.swift */; };
		F3EAE2CE2933D69C00F8FCF9 /* SQLiteUITests.swift in Sources */ = {isa = PBXBuildFile; fileRef = F3EAE2CD2933D69C00F8FCF9 /* SQLiteUITests.swift */; };
		F3EAE2D02933D69C00F8FCF9 /* SQLiteUITestsLaunchTests.swift in Sources */ = {isa = PBXBuildFile; fileRef = F3EAE2CF2933D69C00F8FCF9 /* SQLiteUITestsLaunchTests.swift */; };
/* End PBXBuildFile section */

/* Begin PBXContainerItemProxy section */
		F3EAE2C02933D69C00F8FCF9 /* PBXContainerItemProxy */ = {
			isa = PBXContainerItemProxy;
			containerPortal = F3EAE2A72933D69B00F8FCF9 /* Project object */;
			proxyType = 1;
			remoteGlobalIDString = F3EAE2AE2933D69B00F8FCF9;
			remoteInfo = SQLite;
		};
		F3EAE2CA2933D69C00F8FCF9 /* PBXContainerItemProxy */ = {
			isa = PBXContainerItemProxy;
			containerPortal = F3EAE2A72933D69B00F8FCF9 /* Project object */;
			proxyType = 1;
			remoteGlobalIDString = F3EAE2AE2933D69B00F8FCF9;
			remoteInfo = SQLite;
		};
/* End PBXContainerItemProxy section */

/* Begin PBXFileReference section */
		F3EAE2AF2933D69B00F8FCF9 /* SQLite.app */ = {isa = PBXFileReference; explicitFileType = wrapper.application; includeInIndex = 0; path = SQLite.app; sourceTree = BUILT_PRODUCTS_DIR; };
		F3EAE2B22933D69B00F8FCF9 /* SQLiteApp.swift */ = {isa = PBXFileReference; lastKnownFileType = sourcecode.swift; path = SQLiteApp.swift; sourceTree = "<group>"; };
		F3EAE2B42933D69B00F8FCF9 /* ContentView.swift */ = {isa = PBXFileReference; lastKnownFileType = sourcecode.swift; path = ContentView.swift; sourceTree = "<group>"; };
		F3EAE2B62933D69C00F8FCF9 /* Assets.xcassets */ = {isa = PBXFileReference; lastKnownFileType = folder.assetcatalog; path = Assets.xcassets; sourceTree = "<group>"; };
		F3EAE2B92933D69C00F8FCF9 /* Preview Assets.xcassets */ = {isa = PBXFileReference; lastKnownFileType = folder.assetcatalog; path = "Preview Assets.xcassets"; sourceTree = "<group>"; };
		F3EAE2BF2933D69C00F8FCF9 /* SQLiteTests.xctest */ = {isa = PBXFileReference; explicitFileType = wrapper.cfbundle; includeInIndex = 0; path = SQLiteTests.xctest; sourceTree = BUILT_PRODUCTS_DIR; };
		F3EAE2C32933D69C00F8FCF9 /* SQLiteTests.swift */ = {isa = PBXFileReference; lastKnownFileType = sourcecode.swift; path = SQLiteTests.swift; sourceTree = "<group>"; };
		F3EAE2C92933D69C00F8FCF9 /* SQLiteUITests.xctest */ = {isa = PBXFileReference; explicitFileType = wrapper.cfbundle; includeInIndex = 0; path = SQLiteUITests.xctest; sourceTree = BUILT_PRODUCTS_DIR; };
		F3EAE2CD2933D69C00F8FCF9 /* SQLiteUITests.swift */ = {isa = PBXFileReference; lastKnownFileType = sourcecode.swift; path = SQLiteUITests.swift; sourceTree = "<group>"; };
		F3EAE2CF2933D69C00F8FCF9 /* SQLiteUITestsLaunchTests.swift */ = {isa = PBXFileReference; lastKnownFileType = sourcecode.swift; path = SQLiteUITestsLaunchTests.swift; sourceTree = "<group>"; };
/* End PBXFileReference section */

/* Begin PBXFrameworksBuildPhase section */
		F3EAE2AC2933D69B00F8FCF9 /* Frameworks */ = {
			isa = PBXFrameworksBuildPhase;
			buildActionMask = 2147483647;
			files = (
			);
			runOnlyForDeploymentPostprocessing = 0;
		};
		F3EAE2BC2933D69C00F8FCF9 /* Frameworks */ = {
			isa = PBXFrameworksBuildPhase;
			buildActionMask = 2147483647;
			files = (
			);
			runOnlyForDeploymentPostprocessing = 0;
		};
		F3EAE2C62933D69C00F8FCF9 /* Frameworks */ = {
			isa = PBXFrameworksBuildPhase;
			buildActionMask = 2147483647;
			files = (
			);
			runOnlyForDeploymentPostprocessing = 0;
		};
/* End PBXFrameworksBuildPhase section */

/* Begin PBXGroup section */
		F3EAE2A62933D69B00F8FCF9 = {
			isa = PBXGroup;
			children = (
				F3EAE2B12933D69B00F8FCF9 /* SQLite */,
				F3EAE2C22933D69C00F8FCF9 /* SQLiteTests */,
				F3EAE2CC2933D69C00F8FCF9 /* SQLiteUITests */,
				F3EAE2B02933D69B00F8FCF9 /* Products */,
			);
			sourceTree = "<group>";
		};
		F3EAE2B02933D69B00F8FCF9 /* Products */ = {
			isa = PBXGroup;
			children = (
				F3EAE2AF2933D69B00F8FCF9 /* SQLite.app */,
				F3EAE2BF2933D69C00F8FCF9 /* SQLiteTests.xctest */,
				F3EAE2C92933D69C00F8FCF9 /* SQLiteUITests.xctest */,
			);
			name = Products;
			sourceTree = "<group>";
		};
		F3EAE2B12933D69B00F8FCF9 /* SQLite */ = {
			isa = PBXGroup;
			children = (
				F3EAE2B22933D69B00F8FCF9 /* SQLiteApp.swift */,
				F3EAE2B42933D69B00F8FCF9 /* ContentView.swift */,
				F3EAE2B62933D69C00F8FCF9 /* Assets.xcassets */,
				F3EAE2B82933D69C00F8FCF9 /* Preview Content */,
			);
			path = SQLite;
			sourceTree = "<group>";
		};
		F3EAE2B82933D69C00F8FCF9 /* Preview Content */ = {
			isa = PBXGroup;
			children = (
				F3EAE2B92933D69C00F8FCF9 /* Preview Assets.xcassets */,
			);
			path = "Preview Content";
			sourceTree = "<group>";
		};
		F3EAE2C22933D69C00F8FCF9 /* SQLiteTests */ = {
			isa = PBXGroup;
			children = (
				F3EAE2C32933D69C00F8FCF9 /* SQLiteTests.swift */,
			);
			path = SQLiteTests;
			sourceTree = "<group>";
		};
		F3EAE2CC2933D69C00F8FCF9 /* SQLiteUITests */ = {
			isa = PBXGroup;
			children = (
				F3EAE2CD2933D69C00F8FCF9 /* SQLiteUITests.swift */,
				F3EAE2CF2933D69C00F8FCF9 /* SQLiteUITestsLaunchTests.swift */,
			);
			path = SQLiteUITests;
			sourceTree = "<group>";
		};
/* End PBXGroup section */

/* Begin PBXNativeTarget section */
		F3EAE2AE2933D69B00F8FCF9 /* SQLite */ = {
			isa = PBXNativeTarget;
			buildConfigurationList = F3EAE2D32933D69C00F8FCF9 /* Build configuration list for PBXNativeTarget "SQLite" */;
			buildPhases = (
				F3EAE2AB2933D69B00F8FCF9 /* Sources */,
				F3EAE2AC2933D69B00F8FCF9 /* Frameworks */,
				F3EAE2AD2933D69B00F8FCF9 /* Resources */,
			);
			buildRules = (
			);
			dependencies = (
			);
			name = SQLite;
			productName = SQLite;
			productReference = F3EAE2AF2933D69B00F8FCF9 /* SQLite.app */;
			productType = "com.apple.product-type.application";
		};
		F3EAE2BE2933D69C00F8FCF9 /* SQLiteTests */ = {
			isa = PBXNativeTarget;
			buildConfigurationList = F3EAE2D62933D69C00F8FCF9 /* Build configuration list for PBXNativeTarget "SQLiteTests" */;
			buildPhases = (
				F3EAE2BB2933D69C00F8FCF9 /* Sources */,
				F3EAE2BC2933D69C00F8FCF9 /* Frameworks */,
				F3EAE2BD2933D69C00F8FCF9 /* Resources */,
			);
			buildRules = (
			);
			dependencies = (
				F3EAE2C12933D69C00F8FCF9 /* PBXTargetDependency */,
			);
			name = SQLiteTests;
			productName = SQLiteTests;
			productReference = F3EAE2BF2933D69C00F8FCF9 /* SQLiteTests.xctest */;
			productType = "com.apple.product-type.bundle.unit-test";
		};
		F3EAE2C82933D69C00F8FCF9 /* SQLiteUITests */ = {
			isa = PBXNativeTarget;
			buildConfigurationList = F3EAE2D92933D69C00F8FCF9 /* Build configuration list for PBXNativeTarget "SQLiteUITests" */;
			buildPhases = (
				F3EAE2C52933D69C00F8FCF9 /* Sources */,
				F3EAE2C62933D69C00F8FCF9 /* Frameworks */,
				F3EAE2C72933D69C00F8FCF9 /* Resources */,
			);
			buildRules = (
			);
			dependencies = (
				F3EAE2CB2933D69C00F8FCF9 /* PBXTargetDependency */,
			);
			name = SQLiteUITests;
			productName = SQLiteUITests;
			productReference = F3EAE2C92933D69C00F8FCF9 /* SQLiteUITests.xctest */;
			productType = "com.apple.product-type.bundle.ui-testing";
		};
/* End PBXNativeTarget section */

/* Begin PBXProject section */
		F3EAE2A72933D69B00F8FCF9 /* Project object */ = {
			isa = PBXProject;
			attributes = {
				BuildIndependentTargetsInParallel = 1;
				LastSwiftUpdateCheck = 1410;
				LastUpgradeCheck = 1410;
				TargetAttributes = {
					F3EAE2AE2933D69B00F8FCF9 = {
						CreatedOnToolsVersion = 14.1;
					};
					F3EAE2BE2933D69C00F8FCF9 = {
						CreatedOnToolsVersion = 14.1;
						TestTargetID = F3EAE2AE2933D69B00F8FCF9;
					};
					F3EAE2C82933D69C00F8FCF9 = {
						CreatedOnToolsVersion = 14.1;
						TestTargetID = F3EAE2AE2933D69B00F8FCF9;
					};
				};
			};
			buildConfigurationList = F3EAE2AA2933D69B00F8FCF9 /* Build configuration list for PBXProject "SQLite" */;
			compatibilityVersion = "Xcode 14.0";
			developmentRegion = en;
			hasScannedForEncodings = 0;
			knownRegions = (
				en,
				Base,
			);
			mainGroup = F3EAE2A62933D69B00F8FCF9;
			productRefGroup = F3EAE2B02933D69B00F8FCF9 /* Products */;
			projectDirPath = "";
			projectRoot = "";
			targets = (
				F3EAE2AE2933D69B00F8FCF9 /* SQLite */,
				F3EAE2BE2933D69C00F8FCF9 /* SQLiteTests */,
				F3EAE2C82933D69C00F8FCF9 /* SQLiteUITests */,
			);
		};
/* End PBXProject section */

/* Begin PBXResourcesBuildPhase section */
		F3EAE2AD2933D69B00F8FCF9 /* Resources */ = {
			isa = PBXResourcesBuildPhase;
			buildActionMask = 2147483647;
			files = (
				F3EAE2BA2933D69C00F8FCF9 /* Preview Assets.xcassets in Resources */,
				F3EAE2B72933D69C00F8FCF9 /* Assets.xcassets in Resources */,
			);
			runOnlyForDeploymentPostprocessing = 0;
		};
		F3EAE2BD2933D69C00F8FCF9 /* Resources */ = {
			isa = PBXResourcesBuildPhase;
			buildActionMask = 2147483647;
			files = (
			);
			runOnlyForDeploymentPostprocessing = 0;
		};
		F3EAE2C72933D69C00F8FCF9 /* Resources */ = {
			isa = PBXResourcesBuildPhase;
			buildActionMask = 2147483647;
			files = (
			);
			runOnlyForDeploymentPostprocessing = 0;
		};
/* End PBXResourcesBuildPhase section */

/* Begin PBXSourcesBuildPhase section */
		F3EAE2AB2933D69B00F8FCF9 /* Sources */ = {
			isa = PBXSourcesBuildPhase;
			buildActionMask = 2147483647;
			files = (
				F3EAE2B52933D69B00F8FCF9 /* ContentView.swift in Sources */,
				F3EAE2B32933D69B00F8FCF9 /* SQLiteApp.swift in Sources */,
			);
			runOnlyForDeploymentPostprocessing = 0;
		};
		F3EAE2BB2933D69C00F8FCF9 /* Sources */ = {
			isa = PBXSourcesBuildPhase;
			buildActionMask = 2147483647;
			files = (
				F3EAE2C42933D69C00F8FCF9 /* SQLiteTests.swift in Sources */,
			);
			runOnlyForDeploymentPostprocessing = 0;
		};
		F3EAE2C52933D69C00F8FCF9 /* Sources */ = {
			isa = PBXSourcesBuildPhase;
			buildActionMask = 2147483647;
			files = (
				F3EAE2D02933D69C00F8FCF9 /* SQLiteUITestsLaunchTests.swift in Sources */,
				F3EAE2CE2933D69C00F8FCF9 /* SQLiteUITests.swift in Sources */,
			);
			runOnlyForDeploymentPostprocessing = 0;
		};
/* End PBXSourcesBuildPhase section */

/* Begin PBXTargetDependency section */
		F3EAE2C12933D69C00F8FCF9 /* PBXTargetDependency */ = {
			isa = PBXTargetDependency;
			target = F3EAE2AE2933D69B00F8FCF9 /* SQLite */;
			targetProxy = F3EAE2C02933D69C00F8FCF9 /* PBXContainerItemProxy */;
		};
		F3EAE2CB2933D69C00F8FCF9 /* PBXTargetDependency */ = {
			isa = PBXTargetDependency;
			target = F3EAE2AE2933D69B00F8FCF9 /* SQLite */;
			targetProxy = F3EAE2CA2933D69C00F8FCF9 /* PBXContainerItemProxy */;
		};
/* End PBXTargetDependency section */

/* Begin XCBuildConfiguration section */
		F3EAE2D12933D69C00F8FCF9 /* Debug */ = {
			isa = XCBuildConfiguration;
			buildSettings = {
				ALWAYS_SEARCH_USER_PATHS = NO;
				CLANG_ANALYZER_NONNULL = YES;
				CLANG_ANALYZER_NUMBER_OBJECT_CONVERSION = YES_AGGRESSIVE;
				CLANG_CXX_LANGUAGE_STANDARD = "gnu++20";
				CLANG_ENABLE_MODULES = YES;
				CLANG_ENABLE_OBJC_ARC = YES;
				CLANG_ENABLE_OBJC_WEAK = YES;
				CLANG_WARN_BLOCK_CAPTURE_AUTORELEASING = YES;
				CLANG_WARN_BOOL_CONVERSION = YES;
				CLANG_WARN_COMMA = YES;
				CLANG_WARN_CONSTANT_CONVERSION = YES;
				CLANG_WARN_DEPRECATED_OBJC_IMPLEMENTATIONS = YES;
				CLANG_WARN_DIRECT_OBJC_ISA_USAGE = YES_ERROR;
				CLANG_WARN_DOCUMENTATION_COMMENTS = YES;
				CLANG_WARN_EMPTY_BODY = YES;
				CLANG_WARN_ENUM_CONVERSION = YES;
				CLANG_WARN_INFINITE_RECURSION = YES;
				CLANG_WARN_INT_CONVERSION = YES;
				CLANG_WARN_NON_LITERAL_NULL_CONVERSION = YES;
				CLANG_WARN_OBJC_IMPLICIT_RETAIN_SELF = YES;
				CLANG_WARN_OBJC_LITERAL_CONVERSION = YES;
				CLANG_WARN_OBJC_ROOT_CLASS = YES_ERROR;
				CLANG_WARN_QUOTED_INCLUDE_IN_FRAMEWORK_HEADER = YES;
				CLANG_WARN_RANGE_LOOP_ANALYSIS = YES;
				CLANG_WARN_STRICT_PROTOTYPES = YES;
				CLANG_WARN_SUSPICIOUS_MOVE = YES;
				CLANG_WARN_UNGUARDED_AVAILABILITY = YES_AGGRESSIVE;
				CLANG_WARN_UNREACHABLE_CODE = YES;
				CLANG_WARN__DUPLICATE_METHOD_MATCH = YES;
				COPY_PHASE_STRIP = NO;
				DEBUG_INFORMATION_FORMAT = dwarf;
				ENABLE_STRICT_OBJC_MSGSEND = YES;
				ENABLE_TESTABILITY = YES;
				GCC_C_LANGUAGE_STANDARD = gnu11;
				GCC_DYNAMIC_NO_PIC = NO;
				GCC_NO_COMMON_BLOCKS = YES;
				GCC_OPTIMIZATION_LEVEL = 0;
				GCC_PREPROCESSOR_DEFINITIONS = (
					"DEBUG=1",
					"$(inherited)",
				);
				GCC_WARN_64_TO_32_BIT_CONVERSION = YES;
				GCC_WARN_ABOUT_RETURN_TYPE = YES_ERROR;
				GCC_WARN_UNDECLARED_SELECTOR = YES;
				GCC_WARN_UNINITIALIZED_AUTOS = YES_AGGRESSIVE;
				GCC_WARN_UNUSED_FUNCTION = YES;
				GCC_WARN_UNUSED_VARIABLE = YES;
				IPHONEOS_DEPLOYMENT_TARGET = 16.1;
				MTL_ENABLE_DEBUG_INFO = INCLUDE_SOURCE;
				MTL_FAST_MATH = YES;
				ONLY_ACTIVE_ARCH = YES;
				SDKROOT = iphoneos;
				SWIFT_ACTIVE_COMPILATION_CONDITIONS = DEBUG;
				SWIFT_OPTIMIZATION_LEVEL = "-Onone";
			};
			name = Debug;
		};
		F3EAE2D22933D69C00F8FCF9 /* Release */ = {
			isa = XCBuildConfiguration;
			buildSettings = {
				ALWAYS_SEARCH_USER_PATHS = NO;
				CLANG_ANALYZER_NONNULL = YES;
				CLANG_ANALYZER_NUMBER_OBJECT_CONVERSION = YES_AGGRESSIVE;
				CLANG_CXX_LANGUAGE_STANDARD = "gnu++20";
				CLANG_ENABLE_MODULES = YES;
				CLANG_ENABLE_OBJC_ARC = YES;
				CLANG_ENABLE_OBJC_WEAK = YES;
				CLANG_WARN_BLOCK_CAPTURE_AUTORELEASING = YES;
				CLANG_WARN_BOOL_CONVERSION = YES;
				CLANG_WARN_COMMA = YES;
				CLANG_WARN_CONSTANT_CONVERSION = YES;
				CLANG_WARN_DEPRECATED_OBJC_IMPLEMENTATIONS = YES;
				CLANG_WARN_DIRECT_OBJC_ISA_USAGE = YES_ERROR;
				CLANG_WARN_DOCUMENTATION_COMMENTS = YES;
				CLANG_WARN_EMPTY_BODY = YES;
				CLANG_WARN_ENUM_CONVERSION = YES;
				CLANG_WARN_INFINITE_RECURSION = YES;
				CLANG_WARN_INT_CONVERSION = YES;
				CLANG_WARN_NON_LITERAL_NULL_CONVERSION = YES;
				CLANG_WARN_OBJC_IMPLICIT_RETAIN_SELF = YES;
				CLANG_WARN_OBJC_LITERAL_CONVERSION = YES;
				CLANG_WARN_OBJC_ROOT_CLASS = YES_ERROR;
				CLANG_WARN_QUOTED_INCLUDE_IN_FRAMEWORK_HEADER = YES;
				CLANG_WARN_RANGE_LOOP_ANALYSIS = YES;
				CLANG_WARN_STRICT_PROTOTYPES = YES;
				CLANG_WARN_SUSPICIOUS_MOVE = YES;
				CLANG_WARN_UNGUARDED_AVAILABILITY = YES_AGGRESSIVE;
				CLANG_WARN_UNREACHABLE_CODE = YES;
				CLANG_WARN__DUPLICATE_METHOD_MATCH = YES;
				COPY_PHASE_STRIP = NO;
				DEBUG_INFORMATION_FORMAT = "dwarf-with-dsym";
				ENABLE_NS_ASSERTIONS = NO;
				ENABLE_STRICT_OBJC_MSGSEND = YES;
				GCC_C_LANGUAGE_STANDARD = gnu11;
				GCC_NO_COMMON_BLOCKS = YES;
				GCC_WARN_64_TO_32_BIT_CONVERSION = YES;
				GCC_WARN_ABOUT_RETURN_TYPE = YES_ERROR;
				GCC_WARN_UNDECLARED_SELECTOR = YES;
				GCC_WARN_UNINITIALIZED_AUTOS = YES_AGGRESSIVE;
				GCC_WARN_UNUSED_FUNCTION = YES;
				GCC_WARN_UNUSED_VARIABLE = YES;
				IPHONEOS_DEPLOYMENT_TARGET = 16.1;
				MTL_ENABLE_DEBUG_INFO = NO;
				MTL_FAST_MATH = YES;
				SDKROOT = iphoneos;
				SWIFT_COMPILATION_MODE = wholemodule;
				SWIFT_OPTIMIZATION_LEVEL = "-O";
				VALIDATE_PRODUCT = YES;
			};
			name = Release;
		};
		F3EAE2D42933D69C00F8FCF9 /* Debug */ = {
			isa = XCBuildConfiguration;
			buildSettings = {
				ASSETCATALOG_COMPILER_APPICON_NAME = AppIcon;
				ASSETCATALOG_COMPILER_GLOBAL_ACCENT_COLOR_NAME = AccentColor;
				CODE_SIGN_STYLE = Automatic;
				CURRENT_PROJECT_VERSION = 1;
				DEVELOPMENT_ASSET_PATHS = "\"SQLite/Preview Content\"";
				DEVELOPMENT_TEAM = UWJCYGVG9Z;
				ENABLE_PREVIEWS = YES;
				GENERATE_INFOPLIST_FILE = YES;
				INFOPLIST_KEY_UIApplicationSceneManifest_Generation = YES;
				INFOPLIST_KEY_UIApplicationSupportsIndirectInputEvents = YES;
				INFOPLIST_KEY_UILaunchScreen_Generation = YES;
				INFOPLIST_KEY_UISupportedInterfaceOrientations_iPad = "UIInterfaceOrientationPortrait UIInterfaceOrientationPortraitUpsideDown UIInterfaceOrientationLandscapeLeft UIInterfaceOrientationLandscapeRight";
				INFOPLIST_KEY_UISupportedInterfaceOrientations_iPhone = "UIInterfaceOrientationPortrait UIInterfaceOrientationLandscapeLeft UIInterfaceOrientationLandscapeRight";
				LD_RUNPATH_SEARCH_PATHS = (
					"$(inherited)",
					"@executable_path/Frameworks",
				);
				MARKETING_VERSION = 1.0;
				PRODUCT_BUNDLE_IDENTIFIER = com.cwxstat..SQLite;
				PRODUCT_NAME = "$(TARGET_NAME)";
				SWIFT_EMIT_LOC_STRINGS = YES;
				SWIFT_VERSION = 5.0;
				TARGETED_DEVICE_FAMILY = "1,2";
			};
			name = Debug;
		};
		F3EAE2D52933D69C00F8FCF9 /* Release */ = {
			isa = XCBuildConfiguration;
			buildSettings = {
				ASSETCATALOG_COMPILER_APPICON_NAME = AppIcon;
				ASSETCATALOG_COMPILER_GLOBAL_ACCENT_COLOR_NAME = AccentColor;
				CODE_SIGN_STYLE = Automatic;
				CURRENT_PROJECT_VERSION = 1;
				DEVELOPMENT_ASSET_PATHS = "\"SQLite/Preview Content\"";
				DEVELOPMENT_TEAM = UWJCYGVG9Z;
				ENABLE_PREVIEWS = YES;
				GENERATE_INFOPLIST_FILE = YES;
				INFOPLIST_KEY_UIApplicationSceneManifest_Generation = YES;
				INFOPLIST_KEY_UIApplicationSupportsIndirectInputEvents = YES;
				INFOPLIST_KEY_UILaunchScreen_Generation = YES;
				INFOPLIST_KEY_UISupportedInterfaceOrientations_iPad = "UIInterfaceOrientationPortrait UIInterfaceOrientationPortraitUpsideDown UIInterfaceOrientationLandscapeLeft UIInterfaceOrientationLandscapeRight";
				INFOPLIST_KEY_UISupportedInterfaceOrientations_iPhone = "UIInterfaceOrientationPortrait UIInterfaceOrientationLandscapeLeft UIInterfaceOrientationLandscapeRight";
				LD_RUNPATH_SEARCH_PATHS = (
					"$(inherited)",
					"@executable_path/Frameworks",
				);
				MARKETING_VERSION = 1.0;
				PRODUCT_BUNDLE_IDENTIFIER = com.cwxstat..SQLite;
				PRODUCT_NAME = "$(TARGET_NAME)";
				SWIFT_EMIT_LOC_STRINGS = YES;
				SWIFT_VERSION = 5.0;
				TARGETED_DEVICE_FAMILY = "1,2";
			};
			name = Release;
		};
		F3EAE2D72933D69C00F8FCF9 /* Debug */ = {
			isa = XCBuildConfiguration;
			buildSettings = {
				ALWAYS_EMBED_SWIFT_STANDARD_LIBRARIES = YES;
				BUNDLE_LOADER = "$(TEST_HOST)";
				CODE_SIGN_STYLE = Automatic;
				CURRENT_PROJECT_VERSION = 1;
				DEVELOPMENT_TEAM = UWJCYGVG9Z;
				GENERATE_INFOPLIST_FILE = YES;
				IPHONEOS_DEPLOYMENT_TARGET = 16.1;
				MARKETING_VERSION = 1.0;
				PRODUCT_BUNDLE_IDENTIFIER = com.cwxstat..SQLiteTests;
				PRODUCT_NAME = "$(TARGET_NAME)";
				SWIFT_EMIT_LOC_STRINGS = NO;
				SWIFT_VERSION = 5.0;
				TARGETED_DEVICE_FAMILY = "1,2";
				TEST_HOST = "$(BUILT_PRODUCTS_DIR)/SQLite.app/$(BUNDLE_EXECUTABLE_FOLDER_PATH)/SQLite";
			};
			name = Debug;
		};
		F3EAE2D82933D69C00F8FCF9 /* Release */ = {
			isa = XCBuildConfiguration;
			buildSettings = {
				ALWAYS_EMBED_SWIFT_STANDARD_LIBRARIES = YES;
				BUNDLE_LOADER = "$(TEST_HOST)";
				CODE_SIGN_STYLE = Automatic;
				CURRENT_PROJECT_VERSION = 1;
				DEVELOPMENT_TEAM = UWJCYGVG9Z;
				GENERATE_INFOPLIST_FILE = YES;
				IPHONEOS_DEPLOYMENT_TARGET = 16.1;
				MARKETING_VERSION = 1.0;
				PRODUCT_BUNDLE_IDENTIFIER = com.cwxstat..SQLiteTests;
				PRODUCT_NAME = "$(TARGET_NAME)";
				SWIFT_EMIT_LOC_STRINGS = NO;
				SWIFT_VERSION = 5.0;
				TARGETED_DEVICE_FAMILY = "1,2";
				TEST_HOST = "$(BUILT_PRODUCTS_DIR)/SQLite.app/$(BUNDLE_EXECUTABLE_FOLDER_PATH)/SQLite";
			};
			name = Release;
		};
		F3EAE2DA2933D69C00F8FCF9 /* Debug */ = {
			isa = XCBuildConfiguration;
			buildSettings = {
				ALWAYS_EMBED_SWIFT_STANDARD_LIBRARIES = YES;
				CODE_SIGN_STYLE = Automatic;
				CURRENT_PROJECT_VERSION = 1;
				DEVELOPMENT_TEAM = UWJCYGVG9Z;
				GENERATE_INFOPLIST_FILE = YES;
				MARKETING_VERSION = 1.0;
				PRODUCT_BUNDLE_IDENTIFIER = com.cwxstat..SQLiteUITests;
				PRODUCT_NAME = "$(TARGET_NAME)";
				SWIFT_EMIT_LOC_STRINGS = NO;
				SWIFT_VERSION = 5.0;
				TARGETED_DEVICE_FAMILY = "1,2";
				TEST_TARGET_NAME = SQLite;
			};
			name = Debug;
		};
		F3EAE2DB2933D69C00F8FCF9 /* Release */ = {
			isa = XCBuildConfiguration;
			buildSettings = {
				ALWAYS_EMBED_SWIFT_STANDARD_LIBRARIES = YES;
				CODE_SIGN_STYLE = Automatic;
				CURRENT_PROJECT_VERSION = 1;
				DEVELOPMENT_TEAM = UWJCYGVG9Z;
				GENERATE_INFOPLIST_FILE = YES;
				MARKETING_VERSION = 1.0;
				PRODUCT_BUNDLE_IDENTIFIER = com.cwxstat..SQLiteUITests;
				PRODUCT_NAME = "$(TARGET_NAME)";
				SWIFT_EMIT_LOC_STRINGS = NO;
				SWIFT_VERSION = 5.0;
				TARGETED_DEVICE_FAMILY = "1,2";
				TEST_TARGET_NAME = SQLite;
			};
			name = Release;
		};
/* End XCBuildConfiguration section */

/* Begin XCConfigurationList section */
		F3EAE2AA2933D69B00F8FCF9 /* Build configuration list for PBXProject "SQLite" */ = {
			isa = XCConfigurationList;
			buildConfigurations = (
				F3EAE2D12933D69C00F8FCF9 /* Debug */,
				F3EAE2D22933D69C00F8FCF9 /* Release */,
			);
			defaultConfigurationIsVisible = 0;
			defaultConfigurationName = Release;
		};
		F3EAE2D32933D69C00F8FCF9 /* Build configuration list for PBXNativeTarget "SQLite" */ = {
			isa = XCConfigurationList;
			buildConfigurations = (
				F3EAE2D42933D69C00F8FCF9 /* Debug */,
				F3EAE2D52933D69C00F8FCF9 /* Release */,
			);
			defaultConfigurationIsVisible = 0;
			defaultConfigurationName = Release;
		};
		F3EAE2D62933D69C00F8FCF9 /* Build configuration list for PBXNativeTarget "SQLiteTests" */ = {
			isa = XCConfigurationList;
			buildConfigurations = (
				F3EAE2D72933D69C00F8FCF9 /* Debug */,
				F3EAE2D82933D69C00F8FCF9 /* Release */,
			);
			defaultConfigurationIsVisible = 0;
			defaultConfigurationName = Release;
		};
		F3EAE2D92933D69C00F8FCF9 /* Build configuration list for PBXNativeTarget "SQLiteUITests" */ = {
			isa = XCConfigurationList;
			buildConfigurations = (
				F3EAE2DA2933D69C00F8FCF9 /* Debug */,
				F3EAE2DB2933D69C00F8FCF9 /* Release */,
			);
			defaultConfigurationIsVisible = 0;
			defaultConfigurationName = Release;
		};
/* End XCConfigurationList section */
	};
	rootObject = F3EAE2A72933D69B00F8FCF9 /* Project object */;
}
